// !$*UTF8*$!
{
	archiveVersion = 1;
	classes = {
	};
	objectVersion = 46;
	objects = {

/* Begin PBXBuildFile section */
		6022E7761E441D5800D9ADE0 /* IosNativeViewController.m in Sources */ = {isa = PBXBuildFile; fileRef = 6022E7751E441D5800D9ADE0 /* IosNativeViewController.m */; };
		6022E7781E441E7000D9ADE0 /* Navigator.m in Sources */ = {isa = PBXBuildFile; fileRef = 6022E7771E441E7000D9ADE0 /* Navigator.m */; };
		6022E7951E447BA500D9ADE0 /* ReactNativeNavigationController.m in Sources */ = {isa = PBXBuildFile; fileRef = 6022E7941E447BA500D9ADE0 /* ReactNativeNavigationController.m */; };
		6050CBBF1DEFFB2A00CEB65D /* main.m in Sources */ = {isa = PBXBuildFile; fileRef = 6050CBBE1DEFFB2A00CEB65D /* main.m */; };
		6050CBC21DEFFB2A00CEB65D /* AppDelegate.m in Sources */ = {isa = PBXBuildFile; fileRef = 6050CBC11DEFFB2A00CEB65D /* AppDelegate.m */; };
		6050CBCA1DEFFB2A00CEB65D /* Assets.xcassets in Resources */ = {isa = PBXBuildFile; fileRef = 6050CBC91DEFFB2A00CEB65D /* Assets.xcassets */; };
		6050CBCD1DEFFB2A00CEB65D /* LaunchScreen.storyboard in Resources */ = {isa = PBXBuildFile; fileRef = 6050CBCB1DEFFB2A00CEB65D /* LaunchScreen.storyboard */; };
		6050CBE31DF0056100CEB65D /* ReactNativeViewController.m in Sources */ = {isa = PBXBuildFile; fileRef = 6050CBE21DF0056100CEB65D /* ReactNativeViewController.m */; };
		6050CC251DF144F800CEB65D /* FontAwesome.ttf in Resources */ = {isa = PBXBuildFile; fileRef = 6050CC1C1DF144F800CEB65D /* FontAwesome.ttf */; };
		6058DDBE1E35B26C0098AF42 /* bundle.ios in Resources */ = {isa = PBXBuildFile; fileRef = 6058DDBD1E35B26C0098AF42 /* bundle.ios */; };
		60600AF21E56981400FCA693 /* libReact.a in Frameworks */ = {isa = PBXBuildFile; fileRef = 60600AE31E5697EE00FCA693 /* libReact.a */; };
		60600AF31E56983B00FCA693 /* libRCTAnimation.a in Frameworks */ = {isa = PBXBuildFile; fileRef = 60600ACB1E5697D800FCA693 /* libRCTAnimation.a */; };
		60600AF41E56983B00FCA693 /* libRCTImage.a in Frameworks */ = {isa = PBXBuildFile; fileRef = 60600AD41E5697E100FCA693 /* libRCTImage.a */; };
		60600AF51E56983B00FCA693 /* libRCTNetwork.a in Frameworks */ = {isa = PBXBuildFile; fileRef = 60600AC21E5697C600FCA693 /* libRCTNetwork.a */; };
		60600AF61E56983B00FCA693 /* libRCTText.a in Frameworks */ = {isa = PBXBuildFile; fileRef = 60600AB91E5697BD00FCA693 /* libRCTText.a */; };
		60600AF71E56983B00FCA693 /* libRCTWebSocket.a in Frameworks */ = {isa = PBXBuildFile; fileRef = 60600AB01E5697AF00FCA693 /* libRCTWebSocket.a */; };
/* End PBXBuildFile section */

/* Begin PBXContainerItemProxy section */
		60600AAF1E5697AF00FCA693 /* PBXContainerItemProxy */ = {
			isa = PBXContainerItemProxy;
			containerPortal = 60600AAA1E5697AF00FCA693 /* RCTWebSocket.xcodeproj */;
			proxyType = 2;
			remoteGlobalIDString = 3C86DF461ADF2C930047B81A;
			remoteInfo = RCTWebSocket;
		};
		60600AB11E5697AF00FCA693 /* PBXContainerItemProxy */ = {
			isa = PBXContainerItemProxy;
			containerPortal = 60600AAA1E5697AF00FCA693 /* RCTWebSocket.xcodeproj */;
			proxyType = 2;
			remoteGlobalIDString = 2D2A28881D9B049200D4039D;
			remoteInfo = "RCTWebSocket-tvOS";
		};
		60600AB81E5697BD00FCA693 /* PBXContainerItemProxy */ = {
			isa = PBXContainerItemProxy;
			containerPortal = 60600AB31E5697BC00FCA693 /* RCTText.xcodeproj */;
			proxyType = 2;
			remoteGlobalIDString = 58B5119B1A9E6C1200147676;
			remoteInfo = RCTText;
		};
		60600ABA1E5697BD00FCA693 /* PBXContainerItemProxy */ = {
			isa = PBXContainerItemProxy;
			containerPortal = 60600AB31E5697BC00FCA693 /* RCTText.xcodeproj */;
			proxyType = 2;
			remoteGlobalIDString = 2D2A287B1D9B048500D4039D;
			remoteInfo = "RCTText-tvOS";
		};
		60600AC11E5697C600FCA693 /* PBXContainerItemProxy */ = {
			isa = PBXContainerItemProxy;
			containerPortal = 60600ABC1E5697C600FCA693 /* RCTNetwork.xcodeproj */;
			proxyType = 2;
			remoteGlobalIDString = 58B511DB1A9E6C8500147676;
			remoteInfo = RCTNetwork;
		};
		60600AC31E5697C600FCA693 /* PBXContainerItemProxy */ = {
			isa = PBXContainerItemProxy;
			containerPortal = 60600ABC1E5697C600FCA693 /* RCTNetwork.xcodeproj */;
			proxyType = 2;
			remoteGlobalIDString = 2D2A28541D9B044C00D4039D;
			remoteInfo = "RCTNetwork-tvOS";
		};
		60600ACA1E5697D800FCA693 /* PBXContainerItemProxy */ = {
			isa = PBXContainerItemProxy;
			containerPortal = 60600AC51E5697D800FCA693 /* RCTAnimation.xcodeproj */;
			proxyType = 2;
			remoteGlobalIDString = 134814201AA4EA6300B7C361;
			remoteInfo = RCTAnimation;
		};
		60600ACC1E5697D800FCA693 /* PBXContainerItemProxy */ = {
			isa = PBXContainerItemProxy;
			containerPortal = 60600AC51E5697D800FCA693 /* RCTAnimation.xcodeproj */;
			proxyType = 2;
			remoteGlobalIDString = 2D2A28201D9B03D100D4039D;
			remoteInfo = "RCTAnimation-tvOS";
		};
		60600AD31E5697E100FCA693 /* PBXContainerItemProxy */ = {
			isa = PBXContainerItemProxy;
			containerPortal = 60600ACE1E5697E100FCA693 /* RCTImage.xcodeproj */;
			proxyType = 2;
			remoteGlobalIDString = 58B5115D1A9E6B3D00147676;
			remoteInfo = RCTImage;
		};
		60600AD51E5697E100FCA693 /* PBXContainerItemProxy */ = {
			isa = PBXContainerItemProxy;
			containerPortal = 60600ACE1E5697E100FCA693 /* RCTImage.xcodeproj */;
			proxyType = 2;
			remoteGlobalIDString = 2D2A283A1D9B042B00D4039D;
			remoteInfo = "RCTImage-tvOS";
		};
		60600AE21E5697EE00FCA693 /* PBXContainerItemProxy */ = {
			isa = PBXContainerItemProxy;
			containerPortal = 60600AD71E5697EE00FCA693 /* React.xcodeproj */;
			proxyType = 2;
			remoteGlobalIDString = 83CBBA2E1A601D0E00E9B192;
			remoteInfo = React;
		};
		60600AE41E5697EE00FCA693 /* PBXContainerItemProxy */ = {
			isa = PBXContainerItemProxy;
			containerPortal = 60600AD71E5697EE00FCA693 /* React.xcodeproj */;
			proxyType = 2;
			remoteGlobalIDString = 2D2A28131D9B038B00D4039D;
			remoteInfo = "React-tvOS";
		};
		60600AE61E5697EE00FCA693 /* PBXContainerItemProxy */ = {
			isa = PBXContainerItemProxy;
			containerPortal = 60600AD71E5697EE00FCA693 /* React.xcodeproj */;
			proxyType = 2;
			remoteGlobalIDString = 3D3C059A1DE3340900C268FA;
			remoteInfo = yoga;
		};
		60600AE81E5697EE00FCA693 /* PBXContainerItemProxy */ = {
			isa = PBXContainerItemProxy;
			containerPortal = 60600AD71E5697EE00FCA693 /* React.xcodeproj */;
			proxyType = 2;
			remoteGlobalIDString = 3D3C06751DE3340C00C268FA;
			remoteInfo = "yoga-tvOS";
		};
		60600AEA1E5697EE00FCA693 /* PBXContainerItemProxy */ = {
			isa = PBXContainerItemProxy;
			containerPortal = 60600AD71E5697EE00FCA693 /* React.xcodeproj */;
			proxyType = 2;
			remoteGlobalIDString = 3D3CD9251DE5FBEC00167DC4;
			remoteInfo = cxxreact;
		};
		60600AEC1E5697EE00FCA693 /* PBXContainerItemProxy */ = {
			isa = PBXContainerItemProxy;
			containerPortal = 60600AD71E5697EE00FCA693 /* React.xcodeproj */;
			proxyType = 2;
			remoteGlobalIDString = 3D3CD9321DE5FBEE00167DC4;
			remoteInfo = "cxxreact-tvOS";
		};
		60600AEE1E5697EE00FCA693 /* PBXContainerItemProxy */ = {
			isa = PBXContainerItemProxy;
			containerPortal = 60600AD71E5697EE00FCA693 /* React.xcodeproj */;
			proxyType = 2;
			remoteGlobalIDString = 3D3CD90B1DE5FBD600167DC4;
			remoteInfo = jschelpers;
		};
		60600AF01E5697EE00FCA693 /* PBXContainerItemProxy */ = {
			isa = PBXContainerItemProxy;
			containerPortal = 60600AD71E5697EE00FCA693 /* React.xcodeproj */;
			proxyType = 2;
			remoteGlobalIDString = 3D3CD9181DE5FBD800167DC4;
			remoteInfo = "jschelpers-tvOS";
		};
/* End PBXContainerItemProxy section */

/* Begin PBXFileReference section */
		6022E7741E441D5800D9ADE0 /* IosNativeViewController.h */ = {isa = PBXFileReference; fileEncoding = 4; lastKnownFileType = sourcecode.c.h; path = IosNativeViewController.h; sourceTree = "<group>"; };
		6022E7751E441D5800D9ADE0 /* IosNativeViewController.m */ = {isa = PBXFileReference; fileEncoding = 4; lastKnownFileType = sourcecode.c.objc; path = IosNativeViewController.m; sourceTree = "<group>"; };
		6022E7771E441E7000D9ADE0 /* Navigator.m */ = {isa = PBXFileReference; fileEncoding = 4; lastKnownFileType = sourcecode.c.objc; path = Navigator.m; sourceTree = "<group>"; };
		6022E7791E441E8500D9ADE0 /* Navigator.h */ = {isa = PBXFileReference; lastKnownFileType = sourcecode.c.h; path = Navigator.h; sourceTree = "<group>"; };
		6022E7931E447BA500D9ADE0 /* ReactNativeNavigationController.h */ = {isa = PBXFileReference; fileEncoding = 4; lastKnownFileType = sourcecode.c.h; path = ReactNativeNavigationController.h; sourceTree = "<group>"; };
		6022E7941E447BA500D9ADE0 /* ReactNativeNavigationController.m */ = {isa = PBXFileReference; fileEncoding = 4; lastKnownFileType = sourcecode.c.objc; path = ReactNativeNavigationController.m; sourceTree = "<group>"; };
		6050CBBA1DEFFB2A00CEB65D /* blog.app */ = {isa = PBXFileReference; explicitFileType = wrapper.application; includeInIndex = 0; path = blog.app; sourceTree = BUILT_PRODUCTS_DIR; };
		6050CBBE1DEFFB2A00CEB65D /* main.m */ = {isa = PBXFileReference; lastKnownFileType = sourcecode.c.objc; path = main.m; sourceTree = "<group>"; };
		6050CBC01DEFFB2A00CEB65D /* AppDelegate.h */ = {isa = PBXFileReference; lastKnownFileType = sourcecode.c.h; path = AppDelegate.h; sourceTree = "<group>"; };
		6050CBC11DEFFB2A00CEB65D /* AppDelegate.m */ = {isa = PBXFileReference; lastKnownFileType = sourcecode.c.objc; path = AppDelegate.m; sourceTree = "<group>"; };
		6050CBC91DEFFB2A00CEB65D /* Assets.xcassets */ = {isa = PBXFileReference; lastKnownFileType = folder.assetcatalog; path = Assets.xcassets; sourceTree = "<group>"; };
		6050CBCC1DEFFB2A00CEB65D /* Base */ = {isa = PBXFileReference; lastKnownFileType = file.storyboard; name = Base; path = Base.lproj/LaunchScreen.storyboard; sourceTree = "<group>"; };
		6050CBCE1DEFFB2A00CEB65D /* Info.plist */ = {isa = PBXFileReference; lastKnownFileType = text.plist.xml; path = Info.plist; sourceTree = "<group>"; };
		6050CBE11DF0056100CEB65D /* ReactNativeViewController.h */ = {isa = PBXFileReference; fileEncoding = 4; lastKnownFileType = sourcecode.c.h; path = ReactNativeViewController.h; sourceTree = "<group>"; };
		6050CBE21DF0056100CEB65D /* ReactNativeViewController.m */ = {isa = PBXFileReference; fileEncoding = 4; lastKnownFileType = sourcecode.c.objc; path = ReactNativeViewController.m; sourceTree = "<group>"; };
		6050CC1C1DF144F800CEB65D /* FontAwesome.ttf */ = {isa = PBXFileReference; lastKnownFileType = file; path = FontAwesome.ttf; sourceTree = "<group>"; };
		6058DDBD1E35B26C0098AF42 /* bundle.ios */ = {isa = PBXFileReference; lastKnownFileType = folder; name = bundle.ios; path = ../../rn/dist/bundle.ios; sourceTree = "<group>"; };
		60600AAA1E5697AF00FCA693 /* RCTWebSocket.xcodeproj */ = {isa = PBXFileReference; lastKnownFileType = "wrapper.pb-project"; name = RCTWebSocket.xcodeproj; path = "../rn/node_modules/react-native/Libraries/WebSocket/RCTWebSocket.xcodeproj"; sourceTree = "<group>"; };
		60600AB31E5697BC00FCA693 /* RCTText.xcodeproj */ = {isa = PBXFileReference; lastKnownFileType = "wrapper.pb-project"; name = RCTText.xcodeproj; path = "../rn/node_modules/react-native/Libraries/Text/RCTText.xcodeproj"; sourceTree = "<group>"; };
		60600ABC1E5697C600FCA693 /* RCTNetwork.xcodeproj */ = {isa = PBXFileReference; lastKnownFileType = "wrapper.pb-project"; name = RCTNetwork.xcodeproj; path = "../rn/node_modules/react-native/Libraries/Network/RCTNetwork.xcodeproj"; sourceTree = "<group>"; };
		60600AC51E5697D800FCA693 /* RCTAnimation.xcodeproj */ = {isa = PBXFileReference; lastKnownFileType = "wrapper.pb-project"; name = RCTAnimation.xcodeproj; path = "../rn/node_modules/react-native/Libraries/NativeAnimation/RCTAnimation.xcodeproj"; sourceTree = "<group>"; };
		60600ACE1E5697E100FCA693 /* RCTImage.xcodeproj */ = {isa = PBXFileReference; lastKnownFileType = "wrapper.pb-project"; name = RCTImage.xcodeproj; path = "../rn/node_modules/react-native/Libraries/Image/RCTImage.xcodeproj"; sourceTree = "<group>"; };
		60600AD71E5697EE00FCA693 /* React.xcodeproj */ = {isa = PBXFileReference; lastKnownFileType = "wrapper.pb-project"; name = React.xcodeproj; path = "../rn/node_modules/react-native/React/React.xcodeproj"; sourceTree = "<group>"; };
/* End PBXFileReference section */

/* Begin PBXFrameworksBuildPhase section */
		6050CBB71DEFFB2A00CEB65D /* Frameworks */ = {
			isa = PBXFrameworksBuildPhase;
			buildActionMask = 2147483647;
			files = (
				60600AF21E56981400FCA693 /* libReact.a in Frameworks */,
				60600AF31E56983B00FCA693 /* libRCTAnimation.a in Frameworks */,
				60600AF41E56983B00FCA693 /* libRCTImage.a in Frameworks */,
				60600AF51E56983B00FCA693 /* libRCTNetwork.a in Frameworks */,
				60600AF61E56983B00FCA693 /* libRCTText.a in Frameworks */,
				60600AF71E56983B00FCA693 /* libRCTWebSocket.a in Frameworks */,
			);
			runOnlyForDeploymentPostprocessing = 0;
		};
/* End PBXFrameworksBuildPhase section */

/* Begin PBXGroup section */
		6050CBB11DEFFB2A00CEB65D = {
			isa = PBXGroup;
			children = (
				6050CBBC1DEFFB2A00CEB65D /* blog */,
				6050CBBB1DEFFB2A00CEB65D /* Products */,
				6050CD9D1DF1533000CEB65D /* Frameworks */,
			);
			sourceTree = "<group>";
		};
		6050CBBB1DEFFB2A00CEB65D /* Products */ = {
			isa = PBXGroup;
			children = (
				6050CBBA1DEFFB2A00CEB65D /* blog.app */,
			);
			name = Products;
			sourceTree = "<group>";
		};
		6050CBBC1DEFFB2A00CEB65D /* blog */ = {
			isa = PBXGroup;
			children = (
				6058DDBD1E35B26C0098AF42 /* bundle.ios */,
				6050CBDD1DF0023B00CEB65D /* reactnative */,
				6050CBC01DEFFB2A00CEB65D /* AppDelegate.h */,
				6050CBC11DEFFB2A00CEB65D /* AppDelegate.m */,
				6022E7931E447BA500D9ADE0 /* ReactNativeNavigationController.h */,
				6022E7941E447BA500D9ADE0 /* ReactNativeNavigationController.m */,
				6050CBC91DEFFB2A00CEB65D /* Assets.xcassets */,
				6022E7741E441D5800D9ADE0 /* IosNativeViewController.h */,
				6022E7751E441D5800D9ADE0 /* IosNativeViewController.m */,
				6050CBCB1DEFFB2A00CEB65D /* LaunchScreen.storyboard */,
				6050CBCE1DEFFB2A00CEB65D /* Info.plist */,
				6050CBBD1DEFFB2A00CEB65D /* Supporting Files */,
			);
			path = blog;
			sourceTree = "<group>";
		};
		6050CBBD1DEFFB2A00CEB65D /* Supporting Files */ = {
			isa = PBXGroup;
			children = (
				6050CBBE1DEFFB2A00CEB65D /* main.m */,
			);
			name = "Supporting Files";
			sourceTree = "<group>";
		};
		6050CBDD1DF0023B00CEB65D /* reactnative */ = {
			isa = PBXGroup;
			children = (
				6050CC191DF144F800CEB65D /* Fonts */,
				6050CBE11DF0056100CEB65D /* ReactNativeViewController.h */,
				6050CBE21DF0056100CEB65D /* ReactNativeViewController.m */,
				6022E7791E441E8500D9ADE0 /* Navigator.h */,
				6022E7771E441E7000D9ADE0 /* Navigator.m */,
			);
			path = reactnative;
			sourceTree = "<group>";
		};
		6050CC191DF144F800CEB65D /* Fonts */ = {
			isa = PBXGroup;
			children = (
				6050CC1C1DF144F800CEB65D /* FontAwesome.ttf */,
			);
			name = Fonts;
			path = "../../../rn/node_modules/react-native-vector-icons/Fonts";
			sourceTree = "<group>";
		};
		6050CD9D1DF1533000CEB65D /* Frameworks */ = {
			isa = PBXGroup;
			children = (
				60600AD71E5697EE00FCA693 /* React.xcodeproj */,
				60600ACE1E5697E100FCA693 /* RCTImage.xcodeproj */,
				60600AC51E5697D800FCA693 /* RCTAnimation.xcodeproj */,
				60600ABC1E5697C600FCA693 /* RCTNetwork.xcodeproj */,
				60600AB31E5697BC00FCA693 /* RCTText.xcodeproj */,
				60600AAA1E5697AF00FCA693 /* RCTWebSocket.xcodeproj */,
			);
			name = Frameworks;
			sourceTree = "<group>";
		};
		60600AAB1E5697AF00FCA693 /* Products */ = {
			isa = PBXGroup;
			children = (
				60600AB01E5697AF00FCA693 /* libRCTWebSocket.a */,
				60600AB21E5697AF00FCA693 /* libRCTWebSocket-tvOS.a */,
			);
			name = Products;
			sourceTree = "<group>";
		};
		60600AB41E5697BC00FCA693 /* Products */ = {
			isa = PBXGroup;
			children = (
				60600AB91E5697BD00FCA693 /* libRCTText.a */,
				60600ABB1E5697BD00FCA693 /* libRCTText-tvOS.a */,
			);
			name = Products;
			sourceTree = "<group>";
		};
		60600ABD1E5697C600FCA693 /* Products */ = {
			isa = PBXGroup;
			children = (
				60600AC21E5697C600FCA693 /* libRCTNetwork.a */,
				60600AC41E5697C600FCA693 /* libRCTNetwork-tvOS.a */,
			);
			name = Products;
			sourceTree = "<group>";
		};
		60600AC61E5697D800FCA693 /* Products */ = {
			isa = PBXGroup;
			children = (
				60600ACB1E5697D800FCA693 /* libRCTAnimation.a */,
				60600ACD1E5697D800FCA693 /* libRCTAnimation-tvOS.a */,
			);
			name = Products;
			sourceTree = "<group>";
		};
		60600ACF1E5697E100FCA693 /* Products */ = {
			isa = PBXGroup;
			children = (
				60600AD41E5697E100FCA693 /* libRCTImage.a */,
				60600AD61E5697E100FCA693 /* libRCTImage-tvOS.a */,
			);
			name = Products;
			sourceTree = "<group>";
		};
		60600AD81E5697EE00FCA693 /* Products */ = {
			isa = PBXGroup;
			children = (
				60600AE31E5697EE00FCA693 /* libReact.a */,
				60600AE51E5697EE00FCA693 /* libReact.a */,
				60600AE71E5697EE00FCA693 /* libyoga.a */,
				60600AE91E5697EE00FCA693 /* libyoga.a */,
				60600AEB1E5697EE00FCA693 /* libcxxreact.a */,
				60600AED1E5697EE00FCA693 /* libcxxreact.a */,
				60600AEF1E5697EE00FCA693 /* libjschelpers.a */,
				60600AF11E5697EE00FCA693 /* libjschelpers.a */,
			);
			name = Products;
			sourceTree = "<group>";
		};
/* End PBXGroup section */

/* Begin PBXNativeTarget section */
		6050CBB91DEFFB2A00CEB65D /* blog */ = {
			isa = PBXNativeTarget;
			buildConfigurationList = 6050CBD11DEFFB2A00CEB65D /* Build configuration list for PBXNativeTarget "blog" */;
			buildPhases = (
				6050CBB61DEFFB2A00CEB65D /* Sources */,
				6050CBB71DEFFB2A00CEB65D /* Frameworks */,
				6050CBB81DEFFB2A00CEB65D /* Resources */,
			);
			buildRules = (
			);
			dependencies = (
			);
			name = blog;
			productName = blog;
			productReference = 6050CBBA1DEFFB2A00CEB65D /* blog.app */;
			productType = "com.apple.product-type.application";
		};
/* End PBXNativeTarget section */

/* Begin PBXProject section */
		6050CBB21DEFFB2A00CEB65D /* Project object */ = {
			isa = PBXProject;
			attributes = {
				LastUpgradeCheck = 0810;
				ORGANIZATIONNAME = muhaibao;
				TargetAttributes = {
					6050CBB91DEFFB2A00CEB65D = {
						CreatedOnToolsVersion = 8.1;
						DevelopmentTeam = A3QX526XMV;
						ProvisioningStyle = Automatic;
					};
				};
			};
			buildConfigurationList = 6050CBB51DEFFB2A00CEB65D /* Build configuration list for PBXProject "blog" */;
			compatibilityVersion = "Xcode 3.2";
			developmentRegion = English;
			hasScannedForEncodings = 0;
			knownRegions = (
				en,
				Base,
			);
			mainGroup = 6050CBB11DEFFB2A00CEB65D;
			productRefGroup = 6050CBBB1DEFFB2A00CEB65D /* Products */;
			projectDirPath = "";
			projectReferences = (
				{
					ProductGroup = 60600AC61E5697D800FCA693 /* Products */;
					ProjectRef = 60600AC51E5697D800FCA693 /* RCTAnimation.xcodeproj */;
				},
				{
					ProductGroup = 60600ACF1E5697E100FCA693 /* Products */;
					ProjectRef = 60600ACE1E5697E100FCA693 /* RCTImage.xcodeproj */;
				},
				{
					ProductGroup = 60600ABD1E5697C600FCA693 /* Products */;
					ProjectRef = 60600ABC1E5697C600FCA693 /* RCTNetwork.xcodeproj */;
				},
				{
					ProductGroup = 60600AB41E5697BC00FCA693 /* Products */;
					ProjectRef = 60600AB31E5697BC00FCA693 /* RCTText.xcodeproj */;
				},
				{
					ProductGroup = 60600AAB1E5697AF00FCA693 /* Products */;
					ProjectRef = 60600AAA1E5697AF00FCA693 /* RCTWebSocket.xcodeproj */;
				},
				{
					ProductGroup = 60600AD81E5697EE00FCA693 /* Products */;
					ProjectRef = 60600AD71E5697EE00FCA693 /* React.xcodeproj */;
				},
			);
			projectRoot = "";
			targets = (
				6050CBB91DEFFB2A00CEB65D /* blog */,
			);
		};
/* End PBXProject section */

/* Begin PBXReferenceProxy section */
		60600AB01E5697AF00FCA693 /* libRCTWebSocket.a */ = {
			isa = PBXReferenceProxy;
			fileType = archive.ar;
			path = libRCTWebSocket.a;
			remoteRef = 60600AAF1E5697AF00FCA693 /* PBXContainerItemProxy */;
			sourceTree = BUILT_PRODUCTS_DIR;
		};
		60600AB21E5697AF00FCA693 /* libRCTWebSocket-tvOS.a */ = {
			isa = PBXReferenceProxy;
			fileType = archive.ar;
			path = "libRCTWebSocket-tvOS.a";
			remoteRef = 60600AB11E5697AF00FCA693 /* PBXContainerItemProxy */;
			sourceTree = BUILT_PRODUCTS_DIR;
		};
		60600AB91E5697BD00FCA693 /* libRCTText.a */ = {
			isa = PBXReferenceProxy;
			fileType = archive.ar;
			path = libRCTText.a;
			remoteRef = 60600AB81E5697BD00FCA693 /* PBXContainerItemProxy */;
			sourceTree = BUILT_PRODUCTS_DIR;
		};
		60600ABB1E5697BD00FCA693 /* libRCTText-tvOS.a */ = {
			isa = PBXReferenceProxy;
			fileType = archive.ar;
			path = "libRCTText-tvOS.a";
			remoteRef = 60600ABA1E5697BD00FCA693 /* PBXContainerItemProxy */;
			sourceTree = BUILT_PRODUCTS_DIR;
		};
		60600AC21E5697C600FCA693 /* libRCTNetwork.a */ = {
			isa = PBXReferenceProxy;
			fileType = archive.ar;
			path = libRCTNetwork.a;
			remoteRef = 60600AC11E5697C600FCA693 /* PBXContainerItemProxy */;
			sourceTree = BUILT_PRODUCTS_DIR;
		};
		60600AC41E5697C600FCA693 /* libRCTNetwork-tvOS.a */ = {
			isa = PBXReferenceProxy;
			fileType = archive.ar;
			path = "libRCTNetwork-tvOS.a";
			remoteRef = 60600AC31E5697C600FCA693 /* PBXContainerItemProxy */;
			sourceTree = BUILT_PRODUCTS_DIR;
		};
		60600ACB1E5697D800FCA693 /* libRCTAnimation.a */ = {
			isa = PBXReferenceProxy;
			fileType = archive.ar;
			path = libRCTAnimation.a;
			remoteRef = 60600ACA1E5697D800FCA693 /* PBXContainerItemProxy */;
			sourceTree = BUILT_PRODUCTS_DIR;
		};
		60600ACD1E5697D800FCA693 /* libRCTAnimation-tvOS.a */ = {
			isa = PBXReferenceProxy;
			fileType = archive.ar;
			path = "libRCTAnimation-tvOS.a";
			remoteRef = 60600ACC1E5697D800FCA693 /* PBXContainerItemProxy */;
			sourceTree = BUILT_PRODUCTS_DIR;
		};
		60600AD41E5697E100FCA693 /* libRCTImage.a */ = {
			isa = PBXReferenceProxy;
			fileType = archive.ar;
			path = libRCTImage.a;
			remoteRef = 60600AD31E5697E100FCA693 /* PBXContainerItemProxy */;
			sourceTree = BUILT_PRODUCTS_DIR;
		};
		60600AD61E5697E100FCA693 /* libRCTImage-tvOS.a */ = {
			isa = PBXReferenceProxy;
			fileType = archive.ar;
			path = "libRCTImage-tvOS.a";
			remoteRef = 60600AD51E5697E100FCA693 /* PBXContainerItemProxy */;
			sourceTree = BUILT_PRODUCTS_DIR;
		};
		60600AE31E5697EE00FCA693 /* libReact.a */ = {
			isa = PBXReferenceProxy;
			fileType = archive.ar;
			path = libReact.a;
			remoteRef = 60600AE21E5697EE00FCA693 /* PBXContainerItemProxy */;
			sourceTree = BUILT_PRODUCTS_DIR;
		};
		60600AE51E5697EE00FCA693 /* libReact.a */ = {
			isa = PBXReferenceProxy;
			fileType = archive.ar;
			path = libReact.a;
			remoteRef = 60600AE41E5697EE00FCA693 /* PBXContainerItemProxy */;
			sourceTree = BUILT_PRODUCTS_DIR;
		};
		60600AE71E5697EE00FCA693 /* libyoga.a */ = {
			isa = PBXReferenceProxy;
			fileType = archive.ar;
			path = libyoga.a;
			remoteRef = 60600AE61E5697EE00FCA693 /* PBXContainerItemProxy */;
			sourceTree = BUILT_PRODUCTS_DIR;
		};
		60600AE91E5697EE00FCA693 /* libyoga.a */ = {
			isa = PBXReferenceProxy;
			fileType = archive.ar;
			path = libyoga.a;
			remoteRef = 60600AE81E5697EE00FCA693 /* PBXContainerItemProxy */;
			sourceTree = BUILT_PRODUCTS_DIR;
		};
		60600AEB1E5697EE00FCA693 /* libcxxreact.a */ = {
			isa = PBXReferenceProxy;
			fileType = archive.ar;
			path = libcxxreact.a;
			remoteRef = 60600AEA1E5697EE00FCA693 /* PBXContainerItemProxy */;
			sourceTree = BUILT_PRODUCTS_DIR;
		};
		60600AED1E5697EE00FCA693 /* libcxxreact.a */ = {
			isa = PBXReferenceProxy;
			fileType = archive.ar;
			path = libcxxreact.a;
			remoteRef = 60600AEC1E5697EE00FCA693 /* PBXContainerItemProxy */;
			sourceTree = BUILT_PRODUCTS_DIR;
		};
		60600AEF1E5697EE00FCA693 /* libjschelpers.a */ = {
			isa = PBXReferenceProxy;
			fileType = archive.ar;
			path = libjschelpers.a;
			remoteRef = 60600AEE1E5697EE00FCA693 /* PBXContainerItemProxy */;
			sourceTree = BUILT_PRODUCTS_DIR;
		};
		60600AF11E5697EE00FCA693 /* libjschelpers.a */ = {
			isa = PBXReferenceProxy;
			fileType = archive.ar;
			path = libjschelpers.a;
			remoteRef = 60600AF01E5697EE00FCA693 /* PBXContainerItemProxy */;
			sourceTree = BUILT_PRODUCTS_DIR;
		};
/* End PBXReferenceProxy section */

/* Begin PBXResourcesBuildPhase section */
		6050CBB81DEFFB2A00CEB65D /* Resources */ = {
			isa = PBXResourcesBuildPhase;
			buildActionMask = 2147483647;
			files = (
				6050CBCD1DEFFB2A00CEB65D /* LaunchScreen.storyboard in Resources */,
				6058DDBE1E35B26C0098AF42 /* bundle.ios in Resources */,
				6050CC251DF144F800CEB65D /* FontAwesome.ttf in Resources */,
				6050CBCA1DEFFB2A00CEB65D /* Assets.xcassets in Resources */,
			);
			runOnlyForDeploymentPostprocessing = 0;
		};
/* End PBXResourcesBuildPhase section */

/* Begin PBXSourcesBuildPhase section */
		6050CBB61DEFFB2A00CEB65D /* Sources */ = {
			isa = PBXSourcesBuildPhase;
			buildActionMask = 2147483647;
			files = (
				6050CBE31DF0056100CEB65D /* ReactNativeViewController.m in Sources */,
				6050CBC21DEFFB2A00CEB65D /* AppDelegate.m in Sources */,
				6050CBBF1DEFFB2A00CEB65D /* main.m in Sources */,
				6022E7761E441D5800D9ADE0 /* IosNativeViewController.m in Sources */,
				6022E7951E447BA500D9ADE0 /* ReactNativeNavigationController.m in Sources */,
				6022E7781E441E7000D9ADE0 /* Navigator.m in Sources */,
			);
			runOnlyForDeploymentPostprocessing = 0;
		};
/* End PBXSourcesBuildPhase section */

/* Begin PBXVariantGroup section */
		6050CBCB1DEFFB2A00CEB65D /* LaunchScreen.storyboard */ = {
			isa = PBXVariantGroup;
			children = (
				6050CBCC1DEFFB2A00CEB65D /* Base */,
			);
			name = LaunchScreen.storyboard;
			sourceTree = "<group>";
		};
/* End PBXVariantGroup section */

/* Begin XCBuildConfiguration section */
		6050CBCF1DEFFB2A00CEB65D /* Debug */ = {
			isa = XCBuildConfiguration;
			buildSettings = {
				ALWAYS_SEARCH_USER_PATHS = NO;
				CLANG_ANALYZER_NONNULL = YES;
				CLANG_CXX_LANGUAGE_STANDARD = "gnu++0x";
				CLANG_CXX_LIBRARY = "libc++";
				CLANG_ENABLE_MODULES = YES;
				CLANG_ENABLE_OBJC_ARC = YES;
				CLANG_WARN_BOOL_CONVERSION = YES;
				CLANG_WARN_CONSTANT_CONVERSION = YES;
				CLANG_WARN_DIRECT_OBJC_ISA_USAGE = YES_ERROR;
				CLANG_WARN_DOCUMENTATION_COMMENTS = YES;
				CLANG_WARN_EMPTY_BODY = YES;
				CLANG_WARN_ENUM_CONVERSION = YES;
				CLANG_WARN_INFINITE_RECURSION = YES;
				CLANG_WARN_INT_CONVERSION = YES;
				CLANG_WARN_OBJC_ROOT_CLASS = YES_ERROR;
				CLANG_WARN_SUSPICIOUS_MOVES = YES;
				CLANG_WARN_UNREACHABLE_CODE = YES;
				CLANG_WARN__DUPLICATE_METHOD_MATCH = YES;
				CODE_SIGN_IDENTITY = "iPhone Distribution: Resources Link Software Systems (Shenzhen) Company Limited";
				"CODE_SIGN_IDENTITY[sdk=iphoneos*]" = "iPhone Distribution: Resources Link Software Systems (Shenzhen) Company Limited";
				COPY_PHASE_STRIP = NO;
				DEBUG_INFORMATION_FORMAT = dwarf;
				ENABLE_STRICT_OBJC_MSGSEND = YES;
				ENABLE_TESTABILITY = YES;
				GCC_C_LANGUAGE_STANDARD = gnu99;
				GCC_DYNAMIC_NO_PIC = NO;
				GCC_NO_COMMON_BLOCKS = YES;
				GCC_OPTIMIZATION_LEVEL = 0;
				GCC_PREPROCESSOR_DEFINITIONS = (
					"DEBUG=1",
					"$(inherited)",
				);
				GCC_WARN_64_TO_32_BIT_CONVERSION = YES;
				GCC_WARN_ABOUT_RETURN_TYPE = YES_ERROR;
				GCC_WARN_UNDECLARED_SELECTOR = YES;
				GCC_WARN_UNINITIALIZED_AUTOS = YES_AGGRESSIVE;
				GCC_WARN_UNUSED_FUNCTION = YES;
				GCC_WARN_UNUSED_VARIABLE = YES;
				IPHONEOS_DEPLOYMENT_TARGET = 8.0;
				MTL_ENABLE_DEBUG_INFO = YES;
				ONLY_ACTIVE_ARCH = YES;
				SDKROOT = iphoneos;
				TARGETED_DEVICE_FAMILY = "1,2";
			};
			name = Debug;
		};
		6050CBD01DEFFB2A00CEB65D /* Release */ = {
			isa = XCBuildConfiguration;
			buildSettings = {
				ALWAYS_SEARCH_USER_PATHS = NO;
				CLANG_ANALYZER_NONNULL = YES;
				CLANG_CXX_LANGUAGE_STANDARD = "gnu++0x";
				CLANG_CXX_LIBRARY = "libc++";
				CLANG_ENABLE_MODULES = YES;
				CLANG_ENABLE_OBJC_ARC = YES;
				CLANG_WARN_BOOL_CONVERSION = YES;
				CLANG_WARN_CONSTANT_CONVERSION = YES;
				CLANG_WARN_DIRECT_OBJC_ISA_USAGE = YES_ERROR;
				CLANG_WARN_DOCUMENTATION_COMMENTS = YES;
				CLANG_WARN_EMPTY_BODY = YES;
				CLANG_WARN_ENUM_CONVERSION = YES;
				CLANG_WARN_INFINITE_RECURSION = YES;
				CLANG_WARN_INT_CONVERSION = YES;
				CLANG_WARN_OBJC_ROOT_CLASS = YES_ERROR;
				CLANG_WARN_SUSPICIOUS_MOVES = YES;
				CLANG_WARN_UNREACHABLE_CODE = YES;
				CLANG_WARN__DUPLICATE_METHOD_MATCH = YES;
				CODE_SIGN_IDENTITY = "iPhone Distribution: Resources Link Software Systems (Shenzhen) Company Limited";
				"CODE_SIGN_IDENTITY[sdk=iphoneos*]" = "iPhone Distribution: Resources Link Software Systems (Shenzhen) Company Limited";
				COPY_PHASE_STRIP = NO;
				DEBUG_INFORMATION_FORMAT = "dwarf-with-dsym";
				ENABLE_NS_ASSERTIONS = NO;
				ENABLE_STRICT_OBJC_MSGSEND = YES;
				GCC_C_LANGUAGE_STANDARD = gnu99;
				GCC_NO_COMMON_BLOCKS = YES;
				GCC_WARN_64_TO_32_BIT_CONVERSION = YES;
				GCC_WARN_ABOUT_RETURN_TYPE = YES_ERROR;
				GCC_WARN_UNDECLARED_SELECTOR = YES;
				GCC_WARN_UNINITIALIZED_AUTOS = YES_AGGRESSIVE;
				GCC_WARN_UNUSED_FUNCTION = YES;
				GCC_WARN_UNUSED_VARIABLE = YES;
				IPHONEOS_DEPLOYMENT_TARGET = 8.0;
				MTL_ENABLE_DEBUG_INFO = NO;
				SDKROOT = iphoneos;
				TARGETED_DEVICE_FAMILY = "1,2";
				VALIDATE_PRODUCT = YES;
			};
			name = Release;
		};
		6050CBD21DEFFB2A00CEB65D /* Debug */ = {
			isa = XCBuildConfiguration;
			buildSettings = {
				ASSETCATALOG_COMPILER_APPICON_NAME = AppIcon;
				CODE_SIGN_IDENTITY = "iPhone Distribution: Resources Link Software Systems (Shenzhen) Company Limited";
				"CODE_SIGN_IDENTITY[sdk=iphoneos*]" = "iPhone Developer";
				DEVELOPMENT_TEAM = A3QX526XMV;
				HEADER_SEARCH_PATHS = "$(SRCROOT)/../rn/node_modules/react-native/React/**";
				INFOPLIST_FILE = blog/Info.plist;
				LD_RUNPATH_SEARCH_PATHS = "$(inherited) @executable_path/Frameworks";
				OTHER_LDFLAGS = (
					"-ObjC",
					"-lc++",
				);
				PRODUCT_BUNDLE_IDENTIFIER = "mhbseal.com.blog-prod";
				PRODUCT_NAME = "$(TARGET_NAME)";
			};
			name = Debug;
		};
		6050CBD31DEFFB2A00CEB65D /* Release */ = {
			isa = XCBuildConfiguration;
			buildSettings = {
				ASSETCATALOG_COMPILER_APPICON_NAME = AppIcon;
				CODE_SIGN_IDENTITY = "iPhone Distribution: Resources Link Software Systems (Shenzhen) Company Limited";
				"CODE_SIGN_IDENTITY[sdk=iphoneos*]" = "iPhone Developer";
				DEVELOPMENT_TEAM = A3QX526XMV;
				HEADER_SEARCH_PATHS = "$(SRCROOT)/../rn/node_modules/react-native/React/**";
				INFOPLIST_FILE = blog/Info.plist;
				LD_RUNPATH_SEARCH_PATHS = "$(inherited) @executable_path/Frameworks";
				OTHER_LDFLAGS = (
					"-ObjC",
					"-lc++",
				);
				PRODUCT_BUNDLE_IDENTIFIER = "mhbseal.com.blog-prod";
				PRODUCT_NAME = "$(TARGET_NAME)";
			};
			name = Release;
		};
/* End XCBuildConfiguration section */

/* Begin XCConfigurationList section */
		6050CBB51DEFFB2A00CEB65D /* Build configuration list for PBXProject "blog" */ = {
			isa = XCConfigurationList;
			buildConfigurations = (
				6050CBCF1DEFFB2A00CEB65D /* Debug */,
				6050CBD01DEFFB2A00CEB65D /* Release */,
			);
			defaultConfigurationIsVisible = 0;
			defaultConfigurationName = Release;
		};
		6050CBD11DEFFB2A00CEB65D /* Build configuration list for PBXNativeTarget "blog" */ = {
			isa = XCConfigurationList;
			buildConfigurations = (
				6050CBD21DEFFB2A00CEB65D /* Debug */,
				6050CBD31DEFFB2A00CEB65D /* Release */,
			);
			defaultConfigurationIsVisible = 0;
			defaultConfigurationName = Release;
		};
/* End XCConfigurationList section */
	};
	rootObject = 6050CBB21DEFFB2A00CEB65D /* Project object */;
}
